
Microsoft Visual Studio Solution File, Format Version 12.00
# Visual Studio 15
VisualStudioVersion = 15.0.27703.2026
MinimumVisualStudioVersion = 10.0.40219.1
Project("{FAE04EC0-301F-11D3-BF4B-00C04F79EFBC}") = "Common", "Common\Common.csproj", "{5168670C-3F5A-4441-B59C-706F31BC5894}"
EndProject
Project("{FAE04EC0-301F-11D3-BF4B-00C04F79EFBC}") = "Model", "Model\Model.csproj", "{5E126038-1F50-4C90-B58C-96A643F2AB29}"
EndProject
Project("{FAE04EC0-301F-11D3-BF4B-00C04F79EFBC}") = "Data", "Data\Data.csproj", "{20894B37-166E-4EAF-AFB1-B535BD94CB5C}"
EndProject
Project("{FAE04EC0-301F-11D3-BF4B-00C04F79EFBC}") = "Service", "Service\Service.csproj", "{85438E24-3EEC-49DD-AFB9-CD7D2FF886AD}"
EndProject
Project("{FAE04EC0-301F-11D3-BF4B-00C04F79EFBC}") = "UnitTest", "UnitTest\UnitTest.csproj", "{AAA76F58-A0BA-4D65-910B-F7911CD14DC7}"
EndProject
Project("{FAE04EC0-301F-11D3-BF4B-00C04F79EFBC}") = "Web", "Web\Web.csproj", "{BC4E9F2A-CD19-49AA-A317-7BCC66E2BD96}"
EndProject
Global
	GlobalSection(SolutionConfigurationPlatforms) = preSolution
		Debug|Any CPU = Debug|Any CPU
		Release|Any CPU = Release|Any CPU
	EndGlobalSection
	GlobalSection(ProjectConfigurationPlatforms) = postSolution
		{5168670C-3F5A-4441-B59C-706F31BC5894}.Debug|Any CPU.ActiveCfg = Debug|Any CPU
		{5168670C-3F5A-4441-B59C-706F31BC5894}.Debug|Any CPU.Build.0 = Debug|Any CPU
		{5168670C-3F5A-4441-B59C-706F31BC5894}.Release|Any CPU.ActiveCfg = Release|Any CPU
		{5168670C-3F5A-4441-B59C-706F31BC5894}.Release|Any CPU.Build.0 = Release|Any CPU
		{5E126038-1F50-4C90-B58C-96A643F2AB29}.Debug|Any CPU.ActiveCfg = Debug|Any CPU
		{5E126038-1F50-4C90-B58C-96A643F2AB29}.Debug|Any CPU.Build.0 = Debug|Any CPU
		{5E126038-1F50-4C90-B58C-96A643F2AB29}.Release|Any CPU.ActiveCfg = Release|Any CPU
		{5E126038-1F50-4C90-B58C-96A643F2AB29}.Release|Any CPU.Build.0 = Release|Any CPU
		{20894B37-166E-4EAF-AFB1-B535BD94CB5C}.Debug|Any CPU.ActiveCfg = Debug|Any CPU
		{20894B37-166E-4EAF-AFB1-B535BD94CB5C}.Debug|Any CPU.Build.0 = Debug|Any CPU
		{20894B37-166E-4EAF-AFB1-B535BD94CB5C}.Release|Any CPU.ActiveCfg = Release|Any CPU
		{20894B37-166E-4EAF-AFB1-B535BD94CB5C}.Release|Any CPU.Build.0 = Release|Any CPU
		{85438E24-3EEC-49DD-AFB9-CD7D2FF886AD}.Debug|Any CPU.ActiveCfg = Debug|Any CPU
		{85438E24-3EEC-49DD-AFB9-CD7D2FF886AD}.Debug|Any CPU.Build.0 = Debug|Any CPU
		{85438E24-3EEC-49DD-AFB9-CD7D2FF886AD}.Release|Any CPU.ActiveCfg = Release|Any CPU
		{85438E24-3EEC-49DD-AFB9-CD7D2FF886AD}.Release|Any CPU.Build.0 = Release|Any CPU
		{AAA76F58-A0BA-4D65-910B-F7911CD14DC7}.Debug|Any CPU.ActiveCfg = Debug|Any CPU
		{AAA76F58-A0BA-4D65-910B-F7911CD14DC7}.Debug|Any CPU.Build.0 = Debug|Any CPU
		{AAA76F58-A0BA-4D65-910B-F7911CD14DC7}.Release|Any CPU.ActiveCfg = Release|Any CPU
		{AAA76F58-A0BA-4D65-910B-F7911CD14DC7}.Release|Any CPU.Build.0 = Release|Any CPU
		{BC4E9F2A-CD19-49AA-A317-7BCC66E2BD96}.Debug|Any CPU.ActiveCfg = Debug|Any CPU
		{BC4E9F2A-CD19-49AA-A317-7BCC66E2BD96}.Debug|Any CPU.Build.0 = Debug|Any CPU
		{BC4E9F2A-CD19-49AA-A317-7BCC66E2BD96}.Release|Any CPU.ActiveCfg = Release|Any CPU
		{BC4E9F2A-CD19-49AA-A317-7BCC66E2BD96}.Release|Any CPU.Build.0 = Release|Any CPU
	EndGlobalSection
	GlobalSection(SolutionProperties) = preSolution
		HideSolutionNode = FALSE
	EndGlobalSection
	GlobalSection(ExtensibilityGlobals) = postSolution
		SolutionGuid = {23FFD96F-C085-41B6-BC02-CDC4FB1EAC4D}
	EndGlobalSection
EndGlobal
